
Microsoft Visual Studio Solution File, Format Version 12.00
# Visual Studio 14
VisualStudioVersion = 14.0.25123.0
MinimumVisualStudioVersion = 10.0.40219.1
Project("{9092AA53-FB77-4645-B42D-1CCCA6BD08BD}") = "Payroll", "Payroll\Payroll.njsproj", "{EBB4CCDC-A86B-48BF-A32E-E9C8FFC38923}"
EndProject
Global
	GlobalSection(SolutionConfigurationPlatforms) = preSolution
		Debug|Any CPU = Debug|Any CPU
		Release|Any CPU = Release|Any CPU
	EndGlobalSection
	GlobalSection(ProjectConfigurationPlatforms) = postSolution
		{EBB4CCDC-A86B-48BF-A32E-E9C8FFC38923}.Debug|Any CPU.ActiveCfg = Debug|Any CPU
		{EBB4CCDC-A86B-48BF-A32E-E9C8FFC38923}.Debug|Any CPU.Build.0 = Debug|Any CPU
		{EBB4CCDC-A86B-48BF-A32E-E9C8FFC38923}.Release|Any CPU.ActiveCfg = Release|Any CPU
		{EBB4CCDC-A86B-48BF-A32E-E9C8FFC38923}.Release|Any CPU.Build.0 = Release|Any CPU
	EndGlobalSection
	GlobalSection(SolutionProperties) = preSolution
		HideSolutionNode = FALSE
	EndGlobalSection
EndGlobal
